# This file is automatically @generated by Cargo.
# It is not intended for manual editing.
version = 3

[[package]]
name = "cool_asserts"
version = "2.0.3"
source = "registry+https://github.com/rust-lang/crates.io-index"
checksum = "ee9f254e53f61e2688d3677fa2cbe4e9b950afd56f48819c98817417cf6b28ec"
dependencies = [
 "indent_write",
]

[[package]]
name = "diff"
version = "0.1.13"
source = "registry+https://github.com/rust-lang/crates.io-index"
checksum = "56254986775e3233ffa9c4d7d3faaf6d36a2c09d30b20687e9f88bc8bafc16c8"

[[package]]
name = "grind75"
version = "0.1.0"
dependencies = [
 "lcrt",
]

[[package]]
name = "indent_write"
version = "2.2.0"
source = "registry+https://github.com/rust-lang/crates.io-index"
checksum = "0cfe9645a18782869361d9c8732246be7b410ad4e919d3609ebabdac00ba12c3"

[[package]]
name = "lcrt"
version = "0.1.2"
source = "registry+https://github.com/rust-lang/crates.io-index"
checksum = "753965aaab751dd873cdb93079d89c0ab623c430b77a8c34b09c532cb3df2fef"
dependencies = [
 "cool_asserts",
 "pretty_assertions",
]

[[package]]
name = "pretty_assertions"
version = "1.4.0"
source = "registry+https://github.com/rust-lang/crates.io-index"
checksum = "af7cee1a6c8a5b9208b3cb1061f10c0cb689087b3d8ce85fb9d2dd7a29b6ba66"
dependencies = [
 "diff",
 "yansi",
]

[[package]]
name = "yansi"
version = "0.5.1"
source = "registry+https://github.com/rust-lang/crates.io-index"
checksum = "09041cd90cf85f7f8b2df60c646f853b7f535ce68f85244eb6731cf89fa498ec"
